
Microsoft Visual Studio Solution File, Format Version 12.00
# Visual Studio 15
VisualStudioVersion = 15.0.28307.329
MinimumVisualStudioVersion = 10.0.40219.1
Project("{FAE04EC0-301F-11D3-BF4B-00C04F79EFBC}") = "NP-HW-Client", "NP-HW-Client\NP-HW-Client.csproj", "{DA745DFD-878E-438C-884B-D5A6107890C3}"
EndProject
Global
	GlobalSection(SolutionConfigurationPlatforms) = preSolution
		Debug|Any CPU = Debug|Any CPU
		Release|Any CPU = Release|Any CPU
	EndGlobalSection
	GlobalSection(ProjectConfigurationPlatforms) = postSolution
		{DA745DFD-878E-438C-884B-D5A6107890C3}.Debug|Any CPU.ActiveCfg = Debug|Any CPU
		{DA745DFD-878E-438C-884B-D5A6107890C3}.Debug|Any CPU.Build.0 = Debug|Any CPU
		{DA745DFD-878E-438C-884B-D5A6107890C3}.Release|Any CPU.ActiveCfg = Release|Any CPU
		{DA745DFD-878E-438C-884B-D5A6107890C3}.Release|Any CPU.Build.0 = Release|Any CPU
	EndGlobalSection
	GlobalSection(SolutionProperties) = preSolution
		HideSolutionNode = FALSE
	EndGlobalSection
	GlobalSection(ExtensibilityGlobals) = postSolution
		SolutionGuid = {DC04961D-BD8C-454C-A24E-A269A84B1AF6}
	EndGlobalSection
EndGlobal
